{
  "name": "changesets-playground",
  "version": "0.0.0",
  "lockfileVersion": 2,
  "requires": true,
  "packages": {
    "": {
      "name": "changesets-playground",
      "version": "0.0.0",
      "license": "MIT",
      "workspaces": [
        "packages/vaila",
        "packages/kobe"
      ],
      "dependencies": {
        "changesets": "^1.0.2"
      }
    },
    "node_modules/changesets": {
      "version": "1.0.2",
      "resolved": "https://registry.npmjs.org/changesets/-/changesets-1.0.2.tgz",
      "integrity": "sha1-1Otn+CbGteGbVs7U9a3XLh4Mrbg="
    },
    "node_modules/kobe": {
      "resolved": "packages/kobe",
      "link": true
    },
    "node_modules/vaila": {
      "resolved": "packages/vaila",
      "link": true
    },
    "packages/kobe": {
      "version": "0.0.0",
      "license": "MIT"
    },
    "packages/vaila": {
      "version": "0.0.0",
      "license": "MIT"
    }
  },
  "dependencies": {
    "changesets": {
      "version": "1.0.2",
      "resolved": "https://registry.npmjs.org/changesets/-/changesets-1.0.2.tgz",
      "integrity": "sha1-1Otn+CbGteGbVs7U9a3XLh4Mrbg="
    },
    "kobe": {
      "version": "file:packages/kobe"
    },
    "vaila": {
      "version": "file:packages/vaila"
    }
  }
}
